
Microsoft Visual Studio Solution File, Format Version 12.00
# Visual Studio Version 17
VisualStudioVersion = 17.0.32014.148
MinimumVisualStudioVersion = 10.0.40219.1
Project("{2150E333-8FDC-42A3-9474-1A3956D46DE8}") = "src", "src", "{A5E3D497-88ED-418B-A944-BD07D37BCD8D}"
EndProject
Project("{9A19103F-16F7-4668-BE54-9A1E7A4F7556}") = "Pomelo.Vue", "src\Pomelo.Vue\Pomelo.Vue.csproj", "{1080B11E-CEC1-4711-8055-D07CEBA52AA8}"
EndProject
Project("{FAE04EC0-301F-11D3-BF4B-00C04F79EFBC}") = "Pomelo.Vue.Build", "src\Pomelo.Vue.Build\Pomelo.Vue.Build.csproj", "{9B09C062-7FB0-476A-952A-A0BB4F9A72B7}"
EndProject
Global
	GlobalSection(SolutionConfigurationPlatforms) = preSolution
		Debug|Any CPU = Debug|Any CPU
		Release|Any CPU = Release|Any CPU
	EndGlobalSection
	GlobalSection(ProjectConfigurationPlatforms) = postSolution
		{1080B11E-CEC1-4711-8055-D07CEBA52AA8}.Debug|Any CPU.ActiveCfg = Debug|Any CPU
		{1080B11E-CEC1-4711-8055-D07CEBA52AA8}.Debug|Any CPU.Build.0 = Debug|Any CPU
		{1080B11E-CEC1-4711-8055-D07CEBA52AA8}.Release|Any CPU.ActiveCfg = Release|Any CPU
		{1080B11E-CEC1-4711-8055-D07CEBA52AA8}.Release|Any CPU.Build.0 = Release|Any CPU
		{9B09C062-7FB0-476A-952A-A0BB4F9A72B7}.Debug|Any CPU.ActiveCfg = Debug|Any CPU
		{9B09C062-7FB0-476A-952A-A0BB4F9A72B7}.Debug|Any CPU.Build.0 = Debug|Any CPU
		{9B09C062-7FB0-476A-952A-A0BB4F9A72B7}.Release|Any CPU.ActiveCfg = Release|Any CPU
		{9B09C062-7FB0-476A-952A-A0BB4F9A72B7}.Release|Any CPU.Build.0 = Release|Any CPU
	EndGlobalSection
	GlobalSection(SolutionProperties) = preSolution
		HideSolutionNode = FALSE
	EndGlobalSection
	GlobalSection(NestedProjects) = preSolution
		{1080B11E-CEC1-4711-8055-D07CEBA52AA8} = {A5E3D497-88ED-418B-A944-BD07D37BCD8D}
		{9B09C062-7FB0-476A-952A-A0BB4F9A72B7} = {A5E3D497-88ED-418B-A944-BD07D37BCD8D}
	EndGlobalSection
	GlobalSection(ExtensibilityGlobals) = postSolution
		SolutionGuid = {466AC62D-54C9-40F8-912D-68B1E428A05E}
	EndGlobalSection
EndGlobal
